
Microsoft Visual Studio Solution File, Format Version 12.00
# Visual Studio Version 17
VisualStudioVersion = 17.1.32328.378
MinimumVisualStudioVersion = 10.0.40219.1
Project("{9A19103F-16F7-4668-BE54-9A1E7A4F7556}") = "Task1.Data", "Task1.Data\Task1.Data.csproj", "{47FF21D3-F2A1-4533-95C1-37DAD86360F2}"
EndProject
Project("{9A19103F-16F7-4668-BE54-9A1E7A4F7556}") = "Task1.BackendApi", "Task1.BackendApi\Task1.BackendApi.csproj", "{183A991A-D862-41F3-9319-104DF88335CA}"
EndProject
Project("{9A19103F-16F7-4668-BE54-9A1E7A4F7556}") = "Task1.Application", "Task1.Application\Task1.Application.csproj", "{78447469-2FF2-4726-B774-11D1F2FA5302}"
EndProject
Project("{9A19103F-16F7-4668-BE54-9A1E7A4F7556}") = "Task1.ViewModel", "Task1.ViewModel\Task1.ViewModel.csproj", "{7DC9458C-FC6F-4CED-8D48-1806C2DAAB72}"
EndProject
Project("{9A19103F-16F7-4668-BE54-9A1E7A4F7556}") = "Task1.Utilities", "Task1.Utilities\Task1.Utilities.csproj", "{83C96C96-B4E4-48F3-BC71-A137C1A87223}"
EndProject
Global
	GlobalSection(SolutionConfigurationPlatforms) = preSolution
		Debug|Any CPU = Debug|Any CPU
		Release|Any CPU = Release|Any CPU
	EndGlobalSection
	GlobalSection(ProjectConfigurationPlatforms) = postSolution
		{47FF21D3-F2A1-4533-95C1-37DAD86360F2}.Debug|Any CPU.ActiveCfg = Debug|Any CPU
		{47FF21D3-F2A1-4533-95C1-37DAD86360F2}.Debug|Any CPU.Build.0 = Debug|Any CPU
		{47FF21D3-F2A1-4533-95C1-37DAD86360F2}.Release|Any CPU.ActiveCfg = Release|Any CPU
		{47FF21D3-F2A1-4533-95C1-37DAD86360F2}.Release|Any CPU.Build.0 = Release|Any CPU
		{183A991A-D862-41F3-9319-104DF88335CA}.Debug|Any CPU.ActiveCfg = Debug|Any CPU
		{183A991A-D862-41F3-9319-104DF88335CA}.Debug|Any CPU.Build.0 = Debug|Any CPU
		{183A991A-D862-41F3-9319-104DF88335CA}.Release|Any CPU.ActiveCfg = Release|Any CPU
		{183A991A-D862-41F3-9319-104DF88335CA}.Release|Any CPU.Build.0 = Release|Any CPU
		{78447469-2FF2-4726-B774-11D1F2FA5302}.Debug|Any CPU.ActiveCfg = Debug|Any CPU
		{78447469-2FF2-4726-B774-11D1F2FA5302}.Debug|Any CPU.Build.0 = Debug|Any CPU
		{78447469-2FF2-4726-B774-11D1F2FA5302}.Release|Any CPU.ActiveCfg = Release|Any CPU
		{78447469-2FF2-4726-B774-11D1F2FA5302}.Release|Any CPU.Build.0 = Release|Any CPU
		{7DC9458C-FC6F-4CED-8D48-1806C2DAAB72}.Debug|Any CPU.ActiveCfg = Debug|Any CPU
		{7DC9458C-FC6F-4CED-8D48-1806C2DAAB72}.Debug|Any CPU.Build.0 = Debug|Any CPU
		{7DC9458C-FC6F-4CED-8D48-1806C2DAAB72}.Release|Any CPU.ActiveCfg = Release|Any CPU
		{7DC9458C-FC6F-4CED-8D48-1806C2DAAB72}.Release|Any CPU.Build.0 = Release|Any CPU
		{83C96C96-B4E4-48F3-BC71-A137C1A87223}.Debug|Any CPU.ActiveCfg = Debug|Any CPU
		{83C96C96-B4E4-48F3-BC71-A137C1A87223}.Debug|Any CPU.Build.0 = Debug|Any CPU
		{83C96C96-B4E4-48F3-BC71-A137C1A87223}.Release|Any CPU.ActiveCfg = Release|Any CPU
		{83C96C96-B4E4-48F3-BC71-A137C1A87223}.Release|Any CPU.Build.0 = Release|Any CPU
	EndGlobalSection
	GlobalSection(SolutionProperties) = preSolution
		HideSolutionNode = FALSE
	EndGlobalSection
	GlobalSection(ExtensibilityGlobals) = postSolution
		SolutionGuid = {51B66894-E642-42A4-902C-9CFF8E514255}
	EndGlobalSection
EndGlobal
